
Microsoft Visual Studio Solution File, Format Version 12.00
# Visual Studio Version 16
VisualStudioVersion = 16.0.34031.81
MinimumVisualStudioVersion = 10.0.40219.1
Project("{FAE04EC0-301F-11D3-BF4B-00C04F79EFBC}") = "MethodPractice2", "MethodPractice2.csproj", "{941A8B7D-B90E-4CCF-9D5D-F783580304D7}"
EndProject
Global
	GlobalSection(SolutionConfigurationPlatforms) = preSolution
		Debug|Any CPU = Debug|Any CPU
		Release|Any CPU = Release|Any CPU
	EndGlobalSection
	GlobalSection(ProjectConfigurationPlatforms) = postSolution
		{941A8B7D-B90E-4CCF-9D5D-F783580304D7}.Debug|Any CPU.ActiveCfg = Debug|Any CPU
		{941A8B7D-B90E-4CCF-9D5D-F783580304D7}.Debug|Any CPU.Build.0 = Debug|Any CPU
		{941A8B7D-B90E-4CCF-9D5D-F783580304D7}.Release|Any CPU.ActiveCfg = Release|Any CPU
		{941A8B7D-B90E-4CCF-9D5D-F783580304D7}.Release|Any CPU.Build.0 = Release|Any CPU
	EndGlobalSection
	GlobalSection(SolutionProperties) = preSolution
		HideSolutionNode = FALSE
	EndGlobalSection
	GlobalSection(ExtensibilityGlobals) = postSolution
		SolutionGuid = {EC1C1462-E84D-477C-82B9-6E99C63D086D}
	EndGlobalSection
EndGlobal
