
Microsoft Visual Studio Solution File, Format Version 12.00
# Visual Studio Version 16
VisualStudioVersion = 16.0.34031.81
MinimumVisualStudioVersion = 10.0.40219.1
Project("{FAE04EC0-301F-11D3-BF4B-00C04F79EFBC}") = "BooleanLogic", "BooleanLogic.csproj", "{BAC06BB4-6EC1-43D4-A8A4-04020F93C7A7}"
EndProject
Global
	GlobalSection(SolutionConfigurationPlatforms) = preSolution
		Debug|Any CPU = Debug|Any CPU
		Release|Any CPU = Release|Any CPU
	EndGlobalSection
	GlobalSection(ProjectConfigurationPlatforms) = postSolution
		{BAC06BB4-6EC1-43D4-A8A4-04020F93C7A7}.Debug|Any CPU.ActiveCfg = Debug|Any CPU
		{BAC06BB4-6EC1-43D4-A8A4-04020F93C7A7}.Debug|Any CPU.Build.0 = Debug|Any CPU
		{BAC06BB4-6EC1-43D4-A8A4-04020F93C7A7}.Release|Any CPU.ActiveCfg = Release|Any CPU
		{BAC06BB4-6EC1-43D4-A8A4-04020F93C7A7}.Release|Any CPU.Build.0 = Release|Any CPU
	EndGlobalSection
	GlobalSection(SolutionProperties) = preSolution
		HideSolutionNode = FALSE
	EndGlobalSection
	GlobalSection(ExtensibilityGlobals) = postSolution
		SolutionGuid = {0FE69F41-A451-45D9-A99F-4D8F1E7973AF}
	EndGlobalSection
EndGlobal
